Microsoft Visual Studio Solution File, Format Version 10.00
# Visual Studio 2008
Project("{8BC9CEB8-8B4A-11D0-8D11-00A0C91BC942}") = "Phys", "Phys.vcproj", "{8C4B0198-8B61-4692-AE63-0D259F6C8E49}"
	ProjectSection(ProjectDependencies) = postProject
		{12AC2902-8AA5-4602-9847-47714922E21E} = {12AC2902-8AA5-4602-9847-47714922E21E}
		{AB6C094D-81CA-4F5B-85A7-B56A1F72D4D2} = {AB6C094D-81CA-4F5B-85A7-B56A1F72D4D2}
		{2E768E82-9A8E-4352-B0F4-181D8DF1868C} = {2E768E82-9A8E-4352-B0F4-181D8DF1868C}
		{FBC774A6-4D51-477C-9675-817EA34C86EF} = {FBC774A6-4D51-477C-9675-817EA34C86EF}
	EndProjectSection
EndProject
Project("{8BC9CEB8-8B4A-11D0-8D11-00A0C91BC942}") = "Ctrl", "Ctrl.vcproj", "{C056EF4E-1307-431D-8DF2-787C1A805F15}"
	ProjectSection(ProjectDependencies) = postProject
		{12AC2902-8AA5-4602-9847-47714922E21E} = {12AC2902-8AA5-4602-9847-47714922E21E}
		{AB6C094D-81CA-4F5B-85A7-B56A1F72D4D2} = {AB6C094D-81CA-4F5B-85A7-B56A1F72D4D2}
		{2E768E82-9A8E-4352-B0F4-181D8DF1868C} = {2E768E82-9A8E-4352-B0F4-181D8DF1868C}
		{FBC774A6-4D51-477C-9675-817EA34C86EF} = {FBC774A6-4D51-477C-9675-817EA34C86EF}
	EndProjectSection
EndProject
Project("{8BC9CEB8-8B4A-11D0-8D11-00A0C91BC942}") = "Tiny", "Tiny.vcproj", "{7916C3EF-9CCD-421D-A78B-784505747390}"
	ProjectSection(ProjectDependencies) = postProject
		{CE676F91-F5A6-44A7-B6A5-187E13771230} = {CE676F91-F5A6-44A7-B6A5-187E13771230}
	EndProjectSection
EndProject
Project("{8BC9CEB8-8B4A-11D0-8D11-00A0C91BC942}") = "PhysCtrl", "PhysCtrl.vcproj", "{CE676F91-F5A6-44A7-B6A5-187E13771230}"
	ProjectSection(ProjectDependencies) = postProject
		{C056EF4E-1307-431D-8DF2-787C1A805F15} = {C056EF4E-1307-431D-8DF2-787C1A805F15}
		{8C4B0198-8B61-4692-AE63-0D259F6C8E49} = {8C4B0198-8B61-4692-AE63-0D259F6C8E49}
	EndProjectSection
EndProject
Project("{8BC9CEB8-8B4A-11D0-8D11-00A0C91BC942}") = "TinyIce", "TinyIce.vcproj", "{0B5EDB86-E9F0-44FA-9E0A-6FD9CC8F3956}"
	ProjectSection(ProjectDependencies) = postProject
		{CE676F91-F5A6-44A7-B6A5-187E13771230} = {CE676F91-F5A6-44A7-B6A5-187E13771230}
	EndProjectSection
EndProject
Project("{8BC9CEB8-8B4A-11D0-8D11-00A0C91BC942}") = "Defs", "Defs.vcproj", "{2E768E82-9A8E-4352-B0F4-181D8DF1868C}"
EndProject
Project("{8BC9CEB8-8B4A-11D0-8D11-00A0C91BC942}") = "Math", "Math.vcproj", "{12AC2902-8AA5-4602-9847-47714922E21E}"
	ProjectSection(ProjectDependencies) = postProject
		{2E768E82-9A8E-4352-B0F4-181D8DF1868C} = {2E768E82-9A8E-4352-B0F4-181D8DF1868C}
	EndProjectSection
EndProject
Project("{8BC9CEB8-8B4A-11D0-8D11-00A0C91BC942}") = "Tools", "Tools.vcproj", "{AB6C094D-81CA-4F5B-85A7-B56A1F72D4D2}"
	ProjectSection(ProjectDependencies) = postProject
		{12AC2902-8AA5-4602-9847-47714922E21E} = {12AC2902-8AA5-4602-9847-47714922E21E}
		{2E768E82-9A8E-4352-B0F4-181D8DF1868C} = {2E768E82-9A8E-4352-B0F4-181D8DF1868C}
		{FBC774A6-4D51-477C-9675-817EA34C86EF} = {FBC774A6-4D51-477C-9675-817EA34C86EF}
	EndProjectSection
EndProject
Project("{8BC9CEB8-8B4A-11D0-8D11-00A0C91BC942}") = "Sys", "Sys.vcproj", "{FBC774A6-4D51-477C-9675-817EA34C86EF}"
	ProjectSection(ProjectDependencies) = postProject
		{2E768E82-9A8E-4352-B0F4-181D8DF1868C} = {2E768E82-9A8E-4352-B0F4-181D8DF1868C}
	EndProjectSection
EndProject
Global
	GlobalSection(SolutionConfigurationPlatforms) = preSolution
		Debug|Win32 = Debug|Win32
		Release|Win32 = Release|Win32
	EndGlobalSection
	GlobalSection(ProjectConfigurationPlatforms) = postSolution
		{8C4B0198-8B61-4692-AE63-0D259F6C8E49}.Debug|Win32.ActiveCfg = Debug|Win32
		{8C4B0198-8B61-4692-AE63-0D259F6C8E49}.Debug|Win32.Build.0 = Debug|Win32
		{8C4B0198-8B61-4692-AE63-0D259F6C8E49}.Release|Win32.ActiveCfg = Release|Win32
		{8C4B0198-8B61-4692-AE63-0D259F6C8E49}.Release|Win32.Build.0 = Release|Win32
		{C056EF4E-1307-431D-8DF2-787C1A805F15}.Debug|Win32.ActiveCfg = Debug|Win32
		{C056EF4E-1307-431D-8DF2-787C1A805F15}.Debug|Win32.Build.0 = Debug|Win32
		{C056EF4E-1307-431D-8DF2-787C1A805F15}.Release|Win32.ActiveCfg = Release|Win32
		{C056EF4E-1307-431D-8DF2-787C1A805F15}.Release|Win32.Build.0 = Release|Win32
		{7916C3EF-9CCD-421D-A78B-784505747390}.Debug|Win32.ActiveCfg = Debug|Win32
		{7916C3EF-9CCD-421D-A78B-784505747390}.Debug|Win32.Build.0 = Debug|Win32
		{7916C3EF-9CCD-421D-A78B-784505747390}.Release|Win32.ActiveCfg = Release|Win32
		{7916C3EF-9CCD-421D-A78B-784505747390}.Release|Win32.Build.0 = Release|Win32
		{CE676F91-F5A6-44A7-B6A5-187E13771230}.Debug|Win32.ActiveCfg = Debug|Win32
		{CE676F91-F5A6-44A7-B6A5-187E13771230}.Debug|Win32.Build.0 = Debug|Win32
		{CE676F91-F5A6-44A7-B6A5-187E13771230}.Release|Win32.ActiveCfg = Release|Win32
		{CE676F91-F5A6-44A7-B6A5-187E13771230}.Release|Win32.Build.0 = Release|Win32
		{0B5EDB86-E9F0-44FA-9E0A-6FD9CC8F3956}.Debug|Win32.ActiveCfg = Debug|Win32
		{0B5EDB86-E9F0-44FA-9E0A-6FD9CC8F3956}.Debug|Win32.Build.0 = Debug|Win32
		{0B5EDB86-E9F0-44FA-9E0A-6FD9CC8F3956}.Release|Win32.ActiveCfg = Release|Win32
		{0B5EDB86-E9F0-44FA-9E0A-6FD9CC8F3956}.Release|Win32.Build.0 = Release|Win32
		{2E768E82-9A8E-4352-B0F4-181D8DF1868C}.Debug|Win32.ActiveCfg = Debug|Win32
		{2E768E82-9A8E-4352-B0F4-181D8DF1868C}.Debug|Win32.Build.0 = Debug|Win32
		{2E768E82-9A8E-4352-B0F4-181D8DF1868C}.Release|Win32.ActiveCfg = Release|Win32
		{2E768E82-9A8E-4352-B0F4-181D8DF1868C}.Release|Win32.Build.0 = Release|Win32
		{12AC2902-8AA5-4602-9847-47714922E21E}.Debug|Win32.ActiveCfg = Debug|Win32
		{12AC2902-8AA5-4602-9847-47714922E21E}.Debug|Win32.Build.0 = Debug|Win32
		{12AC2902-8AA5-4602-9847-47714922E21E}.Release|Win32.ActiveCfg = Release|Win32
		{12AC2902-8AA5-4602-9847-47714922E21E}.Release|Win32.Build.0 = Release|Win32
		{AB6C094D-81CA-4F5B-85A7-B56A1F72D4D2}.Debug|Win32.ActiveCfg = Debug|Win32
		{AB6C094D-81CA-4F5B-85A7-B56A1F72D4D2}.Debug|Win32.Build.0 = Debug|Win32
		{AB6C094D-81CA-4F5B-85A7-B56A1F72D4D2}.Release|Win32.ActiveCfg = Release|Win32
		{AB6C094D-81CA-4F5B-85A7-B56A1F72D4D2}.Release|Win32.Build.0 = Release|Win32
		{FBC774A6-4D51-477C-9675-817EA34C86EF}.Debug|Win32.ActiveCfg = Debug|Win32
		{FBC774A6-4D51-477C-9675-817EA34C86EF}.Debug|Win32.Build.0 = Debug|Win32
		{FBC774A6-4D51-477C-9675-817EA34C86EF}.Release|Win32.ActiveCfg = Release|Win32
		{FBC774A6-4D51-477C-9675-817EA34C86EF}.Release|Win32.Build.0 = Release|Win32
	EndGlobalSection
	GlobalSection(SolutionProperties) = preSolution
		HideSolutionNode = FALSE
	EndGlobalSection
EndGlobal
