Microsoft Visual Studio Solution File, Format Version 10.00
# Visual Studio 2008
Project("{8BC9CEB8-8B4A-11D0-8D11-00A0C91BC942}") = "BufCtrl", "BufCtrl.vcproj", "{6F1385E0-D9CF-42FC-9C38-76E583F88F22}"
EndProject
Project("{8BC9CEB8-8B4A-11D0-8D11-00A0C91BC942}") = "Katana300", "Katana300.vcproj", "{B2FD8DC9-CB70-4E6E-943E-F3A89491D0C3}"
	ProjectSection(ProjectDependencies) = postProject
		{EE28B4A1-F601-445C-9F45-2BA9C69F7130} = {EE28B4A1-F601-445C-9F45-2BA9C69F7130}
		{6F1385E0-D9CF-42FC-9C38-76E583F88F22} = {6F1385E0-D9CF-42FC-9C38-76E583F88F22}
	EndProjectSection
EndProject
Project("{8BC9CEB8-8B4A-11D0-8D11-00A0C91BC942}") = "Katana450", "Katana450.vcproj", "{114BD9EA-1F64-4006-B140-2148B8C862BD}"
	ProjectSection(ProjectDependencies) = postProject
		{EE28B4A1-F601-445C-9F45-2BA9C69F7130} = {EE28B4A1-F601-445C-9F45-2BA9C69F7130}
		{6F1385E0-D9CF-42FC-9C38-76E583F88F22} = {6F1385E0-D9CF-42FC-9C38-76E583F88F22}
	EndProjectSection
EndProject
Project("{8BC9CEB8-8B4A-11D0-8D11-00A0C91BC942}") = "SixAxisSim", "SixAxisSim.vcproj", "{2ECC1F0A-7930-49A6-9230-551B855E2096}"
	ProjectSection(ProjectDependencies) = postProject
		{28C6EDA8-EFBA-43CE-BA12-A6B0B2A3EEEB} = {28C6EDA8-EFBA-43CE-BA12-A6B0B2A3EEEB}
		{6F1385E0-D9CF-42FC-9C38-76E583F88F22} = {6F1385E0-D9CF-42FC-9C38-76E583F88F22}
	EndProjectSection
EndProject
Project("{8BC9CEB8-8B4A-11D0-8D11-00A0C91BC942}") = "BufCtrlSim", "BufCtrlSim.vcproj", "{28C6EDA8-EFBA-43CE-BA12-A6B0B2A3EEEB}"
	ProjectSection(ProjectDependencies) = postProject
		{6F1385E0-D9CF-42FC-9C38-76E583F88F22} = {6F1385E0-D9CF-42FC-9C38-76E583F88F22}
	EndProjectSection
EndProject
Project("{8BC9CEB8-8B4A-11D0-8D11-00A0C91BC942}") = "Katana300Sim", "Katana300Sim.vcproj", "{6E7BE456-8B0F-4B02-BFCB-04ECA9FA92A9}"
	ProjectSection(ProjectDependencies) = postProject
		{EE28B4A1-F601-445C-9F45-2BA9C69F7130} = {EE28B4A1-F601-445C-9F45-2BA9C69F7130}
		{28C6EDA8-EFBA-43CE-BA12-A6B0B2A3EEEB} = {28C6EDA8-EFBA-43CE-BA12-A6B0B2A3EEEB}
		{6F1385E0-D9CF-42FC-9C38-76E583F88F22} = {6F1385E0-D9CF-42FC-9C38-76E583F88F22}
	EndProjectSection
EndProject
Project("{8BC9CEB8-8B4A-11D0-8D11-00A0C91BC942}") = "Katana", "Katana.vcproj", "{EE28B4A1-F601-445C-9F45-2BA9C69F7130}"
EndProject
Global
	GlobalSection(SolutionConfigurationPlatforms) = preSolution
		Debug|Win32 = Debug|Win32
		Release|Win32 = Release|Win32
	EndGlobalSection
	GlobalSection(ProjectConfigurationPlatforms) = postSolution
		{6F1385E0-D9CF-42FC-9C38-76E583F88F22}.Debug|Win32.ActiveCfg = Debug|Win32
		{6F1385E0-D9CF-42FC-9C38-76E583F88F22}.Debug|Win32.Build.0 = Debug|Win32
		{6F1385E0-D9CF-42FC-9C38-76E583F88F22}.Release|Win32.ActiveCfg = Release|Win32
		{6F1385E0-D9CF-42FC-9C38-76E583F88F22}.Release|Win32.Build.0 = Release|Win32
		{B2FD8DC9-CB70-4E6E-943E-F3A89491D0C3}.Debug|Win32.ActiveCfg = Debug|Win32
		{B2FD8DC9-CB70-4E6E-943E-F3A89491D0C3}.Debug|Win32.Build.0 = Debug|Win32
		{B2FD8DC9-CB70-4E6E-943E-F3A89491D0C3}.Release|Win32.ActiveCfg = Release|Win32
		{B2FD8DC9-CB70-4E6E-943E-F3A89491D0C3}.Release|Win32.Build.0 = Release|Win32
		{114BD9EA-1F64-4006-B140-2148B8C862BD}.Debug|Win32.ActiveCfg = Debug|Win32
		{114BD9EA-1F64-4006-B140-2148B8C862BD}.Debug|Win32.Build.0 = Debug|Win32
		{114BD9EA-1F64-4006-B140-2148B8C862BD}.Release|Win32.ActiveCfg = Release|Win32
		{114BD9EA-1F64-4006-B140-2148B8C862BD}.Release|Win32.Build.0 = Release|Win32
		{2ECC1F0A-7930-49A6-9230-551B855E2096}.Debug|Win32.ActiveCfg = Debug|Win32
		{2ECC1F0A-7930-49A6-9230-551B855E2096}.Debug|Win32.Build.0 = Debug|Win32
		{2ECC1F0A-7930-49A6-9230-551B855E2096}.Release|Win32.ActiveCfg = Release|Win32
		{2ECC1F0A-7930-49A6-9230-551B855E2096}.Release|Win32.Build.0 = Release|Win32
		{28C6EDA8-EFBA-43CE-BA12-A6B0B2A3EEEB}.Debug|Win32.ActiveCfg = Debug|Win32
		{28C6EDA8-EFBA-43CE-BA12-A6B0B2A3EEEB}.Debug|Win32.Build.0 = Debug|Win32
		{28C6EDA8-EFBA-43CE-BA12-A6B0B2A3EEEB}.Release|Win32.ActiveCfg = Release|Win32
		{28C6EDA8-EFBA-43CE-BA12-A6B0B2A3EEEB}.Release|Win32.Build.0 = Release|Win32
		{6E7BE456-8B0F-4B02-BFCB-04ECA9FA92A9}.Debug|Win32.ActiveCfg = Debug|Win32
		{6E7BE456-8B0F-4B02-BFCB-04ECA9FA92A9}.Debug|Win32.Build.0 = Debug|Win32
		{6E7BE456-8B0F-4B02-BFCB-04ECA9FA92A9}.Release|Win32.ActiveCfg = Release|Win32
		{6E7BE456-8B0F-4B02-BFCB-04ECA9FA92A9}.Release|Win32.Build.0 = Release|Win32
		{EE28B4A1-F601-445C-9F45-2BA9C69F7130}.Debug|Win32.ActiveCfg = Debug|Win32
		{EE28B4A1-F601-445C-9F45-2BA9C69F7130}.Debug|Win32.Build.0 = Debug|Win32
		{EE28B4A1-F601-445C-9F45-2BA9C69F7130}.Release|Win32.ActiveCfg = Release|Win32
		{EE28B4A1-F601-445C-9F45-2BA9C69F7130}.Release|Win32.Build.0 = Release|Win32
	EndGlobalSection
	GlobalSection(SolutionProperties) = preSolution
		HideSolutionNode = FALSE
	EndGlobalSection
EndGlobal
